
Microsoft Visual Studio Solution File, Format Version 12.00
Project("{FAE04EC0-301F-11D3-BF4B-00C04F79EFBC}") = "LLMAgentTUI", "LLMAgentTUI.\LLMAgentTUI.csproj", "{F54F3341-63B0-46F9-A05E-4DCC82A84588}"
EndProject
Project("{2150E333-8FDC-42A3-9474-1A3956D46DE8}") = "900.workflow", "900.workflow", "{04B7E51C-4A40-405F-806C-C1927767B737}"
EndProject
Project("{2150E333-8FDC-42A3-9474-1A3956D46DE8}") = "001.terminal-ui", "001.terminal-ui", "{E07A5CBB-FE11-4528-B841-C1564FE9DD4D}"
EndProject
Global
	GlobalSection(SolutionConfigurationPlatforms) = preSolution
		Debug|Any CPU = Debug|Any CPU
		Release|Any CPU = Release|Any CPU
	EndGlobalSection
	GlobalSection(ProjectConfigurationPlatforms) = postSolution
		{F54F3341-63B0-46F9-A05E-4DCC82A84588}.Debug|Any CPU.ActiveCfg = Debug|Any CPU
		{F54F3341-63B0-46F9-A05E-4DCC82A84588}.Debug|Any CPU.Build.0 = Debug|Any CPU
		{F54F3341-63B0-46F9-A05E-4DCC82A84588}.Release|Any CPU.ActiveCfg = Release|Any CPU
		{F54F3341-63B0-46F9-A05E-4DCC82A84588}.Release|Any CPU.Build.0 = Release|Any CPU
	EndGlobalSection
	GlobalSection(NestedProjects) = preSolution
		{F54F3341-63B0-46F9-A05E-4DCC82A84588} = {E07A5CBB-FE11-4528-B841-C1564FE9DD4D}
	EndGlobalSection
EndGlobal
